
Microsoft Visual Studio Solution File, Format Version 12.00
# Visual Studio Version 17
VisualStudioVersion = 17.11.35222.181
MinimumVisualStudioVersion = 10.0.40219.1
Project("{2150E333-8FDC-42A3-9474-1A3956D46DE8}") = "src", "src", "{35E2C40F-DF84-4FEE-AA87-AA171A5149EA}"
EndProject
Project("{9A19103F-16F7-4668-BE54-9A1E7A4F7556}") = "BlazingBlog.WebUI.Server", "BlazingBlog.WebUI.Server\BlazingBlog.WebUI.Server.csproj", "{A2AB928F-0E58-427D-8134-2396CA4DA252}"
EndProject
Project("{9A19103F-16F7-4668-BE54-9A1E7A4F7556}") = "BlazingBlog.Domain", "BlazingBlog.Domain\BlazingBlog.Domain.csproj", "{1A6A9D83-EC6D-4A3F-AAA1-13C79729C756}"
EndProject
Project("{9A19103F-16F7-4668-BE54-9A1E7A4F7556}") = "BlazingBlog.Application", "BlazingBlog.Application\BlazingBlog.Application.csproj", "{39E58F53-50FA-42CF-A5D3-8C2184DBEBA8}"
EndProject
Global
	GlobalSection(SolutionConfigurationPlatforms) = preSolution
		Debug|Any CPU = Debug|Any CPU
		Release|Any CPU = Release|Any CPU
	EndGlobalSection
	GlobalSection(ProjectConfigurationPlatforms) = postSolution
		{A2AB928F-0E58-427D-8134-2396CA4DA252}.Debug|Any CPU.ActiveCfg = Debug|Any CPU
		{A2AB928F-0E58-427D-8134-2396CA4DA252}.Debug|Any CPU.Build.0 = Debug|Any CPU
		{A2AB928F-0E58-427D-8134-2396CA4DA252}.Release|Any CPU.ActiveCfg = Release|Any CPU
		{A2AB928F-0E58-427D-8134-2396CA4DA252}.Release|Any CPU.Build.0 = Release|Any CPU
		{1A6A9D83-EC6D-4A3F-AAA1-13C79729C756}.Debug|Any CPU.ActiveCfg = Debug|Any CPU
		{1A6A9D83-EC6D-4A3F-AAA1-13C79729C756}.Debug|Any CPU.Build.0 = Debug|Any CPU
		{1A6A9D83-EC6D-4A3F-AAA1-13C79729C756}.Release|Any CPU.ActiveCfg = Release|Any CPU
		{1A6A9D83-EC6D-4A3F-AAA1-13C79729C756}.Release|Any CPU.Build.0 = Release|Any CPU
		{39E58F53-50FA-42CF-A5D3-8C2184DBEBA8}.Debug|Any CPU.ActiveCfg = Debug|Any CPU
		{39E58F53-50FA-42CF-A5D3-8C2184DBEBA8}.Debug|Any CPU.Build.0 = Debug|Any CPU
		{39E58F53-50FA-42CF-A5D3-8C2184DBEBA8}.Release|Any CPU.ActiveCfg = Release|Any CPU
		{39E58F53-50FA-42CF-A5D3-8C2184DBEBA8}.Release|Any CPU.Build.0 = Release|Any CPU
	EndGlobalSection
	GlobalSection(SolutionProperties) = preSolution
		HideSolutionNode = FALSE
	EndGlobalSection
	GlobalSection(NestedProjects) = preSolution
		{A2AB928F-0E58-427D-8134-2396CA4DA252} = {35E2C40F-DF84-4FEE-AA87-AA171A5149EA}
		{1A6A9D83-EC6D-4A3F-AAA1-13C79729C756} = {35E2C40F-DF84-4FEE-AA87-AA171A5149EA}
		{39E58F53-50FA-42CF-A5D3-8C2184DBEBA8} = {35E2C40F-DF84-4FEE-AA87-AA171A5149EA}
	EndGlobalSection
	GlobalSection(ExtensibilityGlobals) = postSolution
		SolutionGuid = {20B5EE19-0224-4E3F-92D5-BA8F0079AF80}
	EndGlobalSection
EndGlobal
